# THIS IS AN AUTOGENERATED FILE. DO NOT EDIT THIS FILE DIRECTLY.
# yarn lockfile v1


"@emmetio/extract-abbreviation@0.1.6":
  version "0.1.6"
  resolved "https://registry.yarnpkg.com/@emmetio/extract-abbreviation/-/extract-abbreviation-0.1.6.tgz#e4a9856c1057f0aff7d443b8536477c243abe28c"
  integrity sha512-Ce3xE2JvTSEbASFbRbA1gAIcMcZWdS2yUYRaQbeM0nbOzaZrUYfa3ePtcriYRZOZmr+CkKA+zbjhvTpIOAYVcw==

"@types/node@^13.1.8":
  version "13.7.0"
  resolved "https://registry.yarnpkg.com/@types/node/-/node-13.7.0.tgz#b417deda18cf8400f278733499ad5547ed1abec4"
  integrity sha512-GnZbirvmqZUzMgkFn70c74OQpTTUcCzlhQliTzYjQMqg+hVKcDnxdL19Ne3UdYzdMA/+W3eb646FWn/ZaT1NfQ==

jsonc-parser@^1.0.0:
  version "1.0.3"
  resolved "https://registry.yarnpkg.com/jsonc-parser/-/jsonc-parser-1.0.3.tgz#1d53d7160e401a783dbceabaad82473f80e6ad7e"
  integrity sha512-hk/69oAeaIzchq/v3lS50PXuzn5O2ynldopMC+SWBql7J2WtdptfB9dy8Y7+Og5rPkTCpn83zTiO8FMcqlXJ/g==

vscode-css-languageservice@^4.0.2:
  version "4.0.2"
  resolved "https://registry.yarnpkg.com/vscode-css-languageservice/-/vscode-css-languageservice-4.0.2.tgz#7496e538b0c151feac16d5888cc0b1b104f4c736"
  integrity sha512-pTnfXbsME3pl+yDfhUp/mtvPyIJk0Le4zqJxDn56s9GY9LqY0RmkSEh0oHH6D0HXR3Ni6wKosIaqu8a2G0+jdw==
  dependencies:
    vscode-languageserver-types "^3.15.0-next.2"
    vscode-nls "^4.1.1"

vscode-emmet-helper@^1.2.17:
  version "1.2.17"
  resolved "https://registry.yarnpkg.com/vscode-emmet-helper/-/vscode-emmet-helper-1.2.17.tgz#f0c6bfcebc4285d081fb2618e6e5b9a08c567afa"
  integrity sha512-X4pzcrJ8dE7M3ArFuySF5fgipKDd/EauXkiJwtjBIVRWpVNq0tF9+lNCyuC7iDUwP3Oq7ow/TGssD3GdG96Jow==
  dependencies:
    "@emmetio/extract-abbreviation" "0.1.6"
    jsonc-parser "^1.0.0"
    vscode-languageserver-types "^3.6.0-next.1"

vscode-html-languageservice@^2.1.10:
  version "2.1.12"
  resolved "https://registry.yarnpkg.com/vscode-html-languageservice/-/vscode-html-languageservice-2.1.12.tgz#b4f9e23cac6fea74d4c9825fb4a4ef9bf313785e"
  integrity sha512-mIb5VMXM5jI97HzCk2eadI1K//rCEZXte0wBqA7PGXsyJH4KTyJUaYk9MR+mbfpUl2vMi3HZw9GUOLGYLc6l5w==
  dependencies:
    vscode-languageserver-types "^3.13.0"
    vscode-nls "^4.0.0"
    vscode-uri "^1.0.6"

vscode-languageserver-types@^3.13.0, vscode-languageserver-types@^3.15.0-next.2, vscode-languageserver-types@^3.6.0-next.1:
  version "3.15.1"
  resolved "https://registry.yarnpkg.com/vscode-languageserver-types/-/vscode-languageserver-types-3.15.1.tgz#17be71d78d2f6236d414f0001ce1ef4d23e6b6de"
  integrity sha512-+a9MPUQrNGRrGU630OGbYVQ+11iOIovjCkqxajPa9w57Sd5ruK8WQNsslzpa0x/QJqC8kRc2DUxWjIFwoNm4ZQ==

vscode-nls@^4.0.0, vscode-nls@^4.1.1:
  version "4.1.1"
  resolved "https://registry.yarnpkg.com/vscode-nls/-/vscode-nls-4.1.1.tgz#f9916b64e4947b20322defb1e676a495861f133c"
  integrity sha512-4R+2UoUUU/LdnMnFjePxfLqNhBS8lrAFyX7pjb2ud/lqDkrUavFUTcG7wR0HBZFakae0Q6KLBFjMS6W93F403A==

vscode-uri@^1.0.6:
  version "1.0.8"
  resolved "https://registry.yarnpkg.com/vscode-uri/-/vscode-uri-1.0.8.tgz#9769aaececae4026fb6e22359cb38946580ded59"
  integrity sha512-obtSWTlbJ+a+TFRYGaUumtVwb+InIUVI0Lu0VBUAPmj2cU5JutEXg3xUE0c2J5Tcy7h2DEKVJBFi+Y9ZSFzzPQ==
